// !$*UTF8*$!
{
	archiveVersion = 1;
	classes = {
	};
	objectVersion = 50;
	objects = {

/* Begin PBXBuildFile section */
		2EBA414F255F7285003FDD93 /* AppDelegate.m in Sources */ = {isa = PBXBuildFile; fileRef = 2EBA414E255F7285003FDD93 /* AppDelegate.m */; };
		2EBA4152255F7285003FDD93 /* SceneDelegate.m in Sources */ = {isa = PBXBuildFile; fileRef = 2EBA4151255F7285003FDD93 /* SceneDelegate.m */; };
		2EBA4155255F7285003FDD93 /* ViewController.m in Sources */ = {isa = PBXBuildFile; fileRef = 2EBA4154255F7285003FDD93 /* ViewController.m */; };
		2EBA4158255F7285003FDD93 /* Main.storyboard in Resources */ = {isa = PBXBuildFile; fileRef = 2EBA4156255F7285003FDD93 /* Main.storyboard */; };
		2EBA415A255F7286003FDD93 /* Assets.xcassets in Resources */ = {isa = PBXBuildFile; fileRef = 2EBA4159255F7286003FDD93 /* Assets.xcassets */; };
		2EBA415D255F7286003FDD93 /* LaunchScreen.storyboard in Resources */ = {isa = PBXBuildFile; fileRef = 2EBA415B255F7286003FDD93 /* LaunchScreen.storyboard */; };
		2EBA4160255F7286003FDD93 /* main.m in Sources */ = {isa = PBXBuildFile; fileRef = 2EBA415F255F7286003FDD93 /* main.m */; };
		2EBA416A255F7286003FDD93 /* HLSCarshSolutionTests.m in Sources */ = {isa = PBXBuildFile; fileRef = 2EBA4169255F7286003FDD93 /* HLSCarshSolutionTests.m */; };
		2EBA4175255F7286003FDD93 /* HLSCarshSolutionUITests.m in Sources */ = {isa = PBXBuildFile; fileRef = 2EBA4174255F7286003FDD93 /* HLSCarshSolutionUITests.m */; };
		2EBA4191255F7979003FDD93 /* HLSDicKeyNilViewController.m in Sources */ = {isa = PBXBuildFile; fileRef = 2EBA4190255F7979003FDD93 /* HLSDicKeyNilViewController.m */; };
		2EBA4197255F7B8E003FDD93 /* HLSCrashModel.m in Sources */ = {isa = PBXBuildFile; fileRef = 2EBA4196255F7B8E003FDD93 /* HLSCrashModel.m */; };
		2EBA41B2255F8944003FDD93 /* NSDictionary+HLSCategory_lib.m in Sources */ = {isa = PBXBuildFile; fileRef = 2EBA41B1255F8944003FDD93 /* NSDictionary+HLSCategory_lib.m */; };
		2EBA41C9255FB5DF003FDD93 /* NSArray+HLSCategory_lib.m in Sources */ = {isa = PBXBuildFile; fileRef = 2EBA41C8255FB5DF003FDD93 /* NSArray+HLSCategory_lib.m */; };
		2EBA41CF255FB828003FDD93 /* NSMutableArray+HLSCategory_lib.m in Sources */ = {isa = PBXBuildFile; fileRef = 2EBA41CE255FB828003FDD93 /* NSMutableArray+HLSCategory_lib.m */; };
		2ECE56C72562741500250F7A /* NSObject+HLSCategory_lib.m in Sources */ = {isa = PBXBuildFile; fileRef = 2ECE56C62562741500250F7A /* NSObject+HLSCategory_lib.m */; };
		2ECE56CD25637FA200250F7A /* NSString+HLSCategory_lib.m in Sources */ = {isa = PBXBuildFile; fileRef = 2ECE56CC25637FA200250F7A /* NSString+HLSCategory_lib.m */; };
/* End PBXBuildFile section */

/* Begin PBXContainerItemProxy section */
		2EBA4166255F7286003FDD93 /* PBXContainerItemProxy */ = {
			isa = PBXContainerItemProxy;
			containerPortal = 2EBA4142255F7285003FDD93 /* Project object */;
			proxyType = 1;
			remoteGlobalIDString = 2EBA4149255F7285003FDD93;
			remoteInfo = HLSCarshSolution;
		};
		2EBA4171255F7286003FDD93 /* PBXContainerItemProxy */ = {
			isa = PBXContainerItemProxy;
			containerPortal = 2EBA4142255F7285003FDD93 /* Project object */;
			proxyType = 1;
			remoteGlobalIDString = 2EBA4149255F7285003FDD93;
			remoteInfo = HLSCarshSolution;
		};
/* End PBXContainerItemProxy section */

/* Begin PBXFileReference section */
		2EBA414A255F7285003FDD93 /* HLSCarshSolution.app */ = {isa = PBXFileReference; explicitFileType = wrapper.application; includeInIndex = 0; path = HLSCarshSolution.app; sourceTree = BUILT_PRODUCTS_DIR; };
		2EBA414D255F7285003FDD93 /* AppDelegate.h */ = {isa = PBXFileReference; lastKnownFileType = sourcecode.c.h; path = AppDelegate.h; sourceTree = "<group>"; };
		2EBA414E255F7285003FDD93 /* AppDelegate.m */ = {isa = PBXFileReference; lastKnownFileType = sourcecode.c.objc; path = AppDelegate.m; sourceTree = "<group>"; };
		2EBA4150255F7285003FDD93 /* SceneDelegate.h */ = {isa = PBXFileReference; lastKnownFileType = sourcecode.c.h; path = SceneDelegate.h; sourceTree = "<group>"; };
		2EBA4151255F7285003FDD93 /* SceneDelegate.m */ = {isa = PBXFileReference; lastKnownFileType = sourcecode.c.objc; path = SceneDelegate.m; sourceTree = "<group>"; };
		2EBA4153255F7285003FDD93 /* ViewController.h */ = {isa = PBXFileReference; lastKnownFileType = sourcecode.c.h; path = ViewController.h; sourceTree = "<group>"; };
		2EBA4154255F7285003FDD93 /* ViewController.m */ = {isa = PBXFileReference; lastKnownFileType = sourcecode.c.objc; path = ViewController.m; sourceTree = "<group>"; };
		2EBA4157255F7285003FDD93 /* Base */ = {isa = PBXFileReference; lastKnownFileType = file.storyboard; name = Base; path = Base.lproj/Main.storyboard; sourceTree = "<group>"; };
		2EBA4159255F7286003FDD93 /* Assets.xcassets */ = {isa = PBXFileReference; lastKnownFileType = folder.assetcatalog; path = Assets.xcassets; sourceTree = "<group>"; };
		2EBA415C255F7286003FDD93 /* Base */ = {isa = PBXFileReference; lastKnownFileType = file.storyboard; name = Base; path = Base.lproj/LaunchScreen.storyboard; sourceTree = "<group>"; };
		2EBA415E255F7286003FDD93 /* Info.plist */ = {isa = PBXFileReference; lastKnownFileType = text.plist.xml; path = Info.plist; sourceTree = "<group>"; };
		2EBA415F255F7286003FDD93 /* main.m */ = {isa = PBXFileReference; lastKnownFileType = sourcecode.c.objc; path = main.m; sourceTree = "<group>"; };
		2EBA4165255F7286003FDD93 /* HLSCarshSolutionTests.xctest */ = {isa = PBXFileReference; explicitFileType = wrapper.cfbundle; includeInIndex = 0; path = HLSCarshSolutionTests.xctest; sourceTree = BUILT_PRODUCTS_DIR; };
		2EBA4169255F7286003FDD93 /* HLSCarshSolutionTests.m */ = {isa = PBXFileReference; lastKnownFileType = sourcecode.c.objc; path = HLSCarshSolutionTests.m; sourceTree = "<group>"; };
		2EBA416B255F7286003FDD93 /* Info.plist */ = {isa = PBXFileReference; lastKnownFileType = text.plist.xml; path = Info.plist; sourceTree = "<group>"; };
		2EBA4170255F7286003FDD93 /* HLSCarshSolutionUITests.xctest */ = {isa = PBXFileReference; explicitFileType = wrapper.cfbundle; includeInIndex = 0; path = HLSCarshSolutionUITests.xctest; sourceTree = BUILT_PRODUCTS_DIR; };
		2EBA4174255F7286003FDD93 /* HLSCarshSolutionUITests.m */ = {isa = PBXFileReference; lastKnownFileType = sourcecode.c.objc; path = HLSCarshSolutionUITests.m; sourceTree = "<group>"; };
		2EBA4176255F7286003FDD93 /* Info.plist */ = {isa = PBXFileReference; lastKnownFileType = text.plist.xml; path = Info.plist; sourceTree = "<group>"; };
		2EBA418F255F7979003FDD93 /* HLSDicKeyNilViewController.h */ = {isa = PBXFileReference; lastKnownFileType = sourcecode.c.h; path = HLSDicKeyNilViewController.h; sourceTree = "<group>"; };
		2EBA4190255F7979003FDD93 /* HLSDicKeyNilViewController.m */ = {isa = PBXFileReference; lastKnownFileType = sourcecode.c.objc; path = HLSDicKeyNilViewController.m; sourceTree = "<group>"; };
		2EBA4195255F7B8E003FDD93 /* HLSCrashModel.h */ = {isa = PBXFileReference; lastKnownFileType = sourcecode.c.h; path = HLSCrashModel.h; sourceTree = "<group>"; };
		2EBA4196255F7B8E003FDD93 /* HLSCrashModel.m */ = {isa = PBXFileReference; lastKnownFileType = sourcecode.c.objc; path = HLSCrashModel.m; sourceTree = "<group>"; };
		2EBA41B0255F8944003FDD93 /* NSDictionary+HLSCategory_lib.h */ = {isa = PBXFileReference; lastKnownFileType = sourcecode.c.h; path = "NSDictionary+HLSCategory_lib.h"; sourceTree = "<group>"; };
		2EBA41B1255F8944003FDD93 /* NSDictionary+HLSCategory_lib.m */ = {isa = PBXFileReference; lastKnownFileType = sourcecode.c.objc; path = "NSDictionary+HLSCategory_lib.m"; sourceTree = "<group>"; };
		2EBA41BA255F897C003FDD93 /* PrefixHeader.pch */ = {isa = PBXFileReference; lastKnownFileType = sourcecode.c.h; path = PrefixHeader.pch; sourceTree = "<group>"; };
		2EBA41C7255FB5DF003FDD93 /* NSArray+HLSCategory_lib.h */ = {isa = PBXFileReference; lastKnownFileType = sourcecode.c.h; path = "NSArray+HLSCategory_lib.h"; sourceTree = "<group>"; };
		2EBA41C8255FB5DF003FDD93 /* NSArray+HLSCategory_lib.m */ = {isa = PBXFileReference; lastKnownFileType = sourcecode.c.objc; path = "NSArray+HLSCategory_lib.m"; sourceTree = "<group>"; };
		2EBA41CD255FB828003FDD93 /* NSMutableArray+HLSCategory_lib.h */ = {isa = PBXFileReference; lastKnownFileType = sourcecode.c.h; path = "NSMutableArray+HLSCategory_lib.h"; sourceTree = "<group>"; };
		2EBA41CE255FB828003FDD93 /* NSMutableArray+HLSCategory_lib.m */ = {isa = PBXFileReference; lastKnownFileType = sourcecode.c.objc; path = "NSMutableArray+HLSCategory_lib.m"; sourceTree = "<group>"; };
		2ECE56C52562741500250F7A /* NSObject+HLSCategory_lib.h */ = {isa = PBXFileReference; lastKnownFileType = sourcecode.c.h; path = "NSObject+HLSCategory_lib.h"; sourceTree = "<group>"; };
		2ECE56C62562741500250F7A /* NSObject+HLSCategory_lib.m */ = {isa = PBXFileReference; lastKnownFileType = sourcecode.c.objc; path = "NSObject+HLSCategory_lib.m"; sourceTree = "<group>"; };
		2ECE56CB25637FA200250F7A /* NSString+HLSCategory_lib.h */ = {isa = PBXFileReference; lastKnownFileType = sourcecode.c.h; path = "NSString+HLSCategory_lib.h"; sourceTree = "<group>"; };
		2ECE56CC25637FA200250F7A /* NSString+HLSCategory_lib.m */ = {isa = PBXFileReference; lastKnownFileType = sourcecode.c.objc; path = "NSString+HLSCategory_lib.m"; sourceTree = "<group>"; };
/* End PBXFileReference section */

/* Begin PBXFrameworksBuildPhase section */
		2EBA4147255F7285003FDD93 /* Frameworks */ = {
			isa = PBXFrameworksBuildPhase;
			buildActionMask = 2147483647;
			files = (
			);
			runOnlyForDeploymentPostprocessing = 0;
		};
		2EBA4162255F7286003FDD93 /* Frameworks */ = {
			isa = PBXFrameworksBuildPhase;
			buildActionMask = 2147483647;
			files = (
			);
			runOnlyForDeploymentPostprocessing = 0;
		};
		2EBA416D255F7286003FDD93 /* Frameworks */ = {
			isa = PBXFrameworksBuildPhase;
			buildActionMask = 2147483647;
			files = (
			);
			runOnlyForDeploymentPostprocessing = 0;
		};
/* End PBXFrameworksBuildPhase section */

/* Begin PBXGroup section */
		2EBA4141255F7285003FDD93 = {
			isa = PBXGroup;
			children = (
				2EBA414C255F7285003FDD93 /* HLSCarshSolution */,
				2EBA4168255F7286003FDD93 /* HLSCarshSolutionTests */,
				2EBA4173255F7286003FDD93 /* HLSCarshSolutionUITests */,
				2EBA414B255F7285003FDD93 /* Products */,
			);
			sourceTree = "<group>";
		};
		2EBA414B255F7285003FDD93 /* Products */ = {
			isa = PBXGroup;
			children = (
				2EBA414A255F7285003FDD93 /* HLSCarshSolution.app */,
				2EBA4165255F7286003FDD93 /* HLSCarshSolutionTests.xctest */,
				2EBA4170255F7286003FDD93 /* HLSCarshSolutionUITests.xctest */,
			);
			name = Products;
			sourceTree = "<group>";
		};
		2EBA414C255F7285003FDD93 /* HLSCarshSolution */ = {
			isa = PBXGroup;
			children = (
				2EBA41B9255F8968003FDD93 /* Source */,
				2EBA41AF255F8723003FDD93 /* Category */,
				2EBA41A5255F7C20003FDD93 /* Controller */,
				2EBA41A4255F7C13003FDD93 /* Model */,
				2EBA414D255F7285003FDD93 /* AppDelegate.h */,
				2EBA414E255F7285003FDD93 /* AppDelegate.m */,
				2EBA4150255F7285003FDD93 /* SceneDelegate.h */,
				2EBA4151255F7285003FDD93 /* SceneDelegate.m */,
				2EBA4156255F7285003FDD93 /* Main.storyboard */,
				2EBA4159255F7286003FDD93 /* Assets.xcassets */,
				2EBA415B255F7286003FDD93 /* LaunchScreen.storyboard */,
				2EBA415E255F7286003FDD93 /* Info.plist */,
				2EBA415F255F7286003FDD93 /* main.m */,
			);
			path = HLSCarshSolution;
			sourceTree = "<group>";
		};
		2EBA4168255F7286003FDD93 /* HLSCarshSolutionTests */ = {
			isa = PBXGroup;
			children = (
				2EBA4169255F7286003FDD93 /* HLSCarshSolutionTests.m */,
				2EBA416B255F7286003FDD93 /* Info.plist */,
			);
			path = HLSCarshSolutionTests;
			sourceTree = "<group>";
		};
		2EBA4173255F7286003FDD93 /* HLSCarshSolutionUITests */ = {
			isa = PBXGroup;
			children = (
				2EBA4174255F7286003FDD93 /* HLSCarshSolutionUITests.m */,
				2EBA4176255F7286003FDD93 /* Info.plist */,
			);
			path = HLSCarshSolutionUITests;
			sourceTree = "<group>";
		};
		2EBA41A4255F7C13003FDD93 /* Model */ = {
			isa = PBXGroup;
			children = (
				2EBA4195255F7B8E003FDD93 /* HLSCrashModel.h */,
				2EBA4196255F7B8E003FDD93 /* HLSCrashModel.m */,
			);
			path = Model;
			sourceTree = "<group>";
		};
		2EBA41A5255F7C20003FDD93 /* Controller */ = {
			isa = PBXGroup;
			children = (
				2EBA4153255F7285003FDD93 /* ViewController.h */,
				2EBA4154255F7285003FDD93 /* ViewController.m */,
				2EBA418F255F7979003FDD93 /* HLSDicKeyNilViewController.h */,
				2EBA4190255F7979003FDD93 /* HLSDicKeyNilViewController.m */,
			);
			path = Controller;
			sourceTree = "<group>";
		};
		2EBA41AF255F8723003FDD93 /* Category */ = {
			isa = PBXGroup;
			children = (
				2EBA41B0255F8944003FDD93 /* NSDictionary+HLSCategory_lib.h */,
				2EBA41B1255F8944003FDD93 /* NSDictionary+HLSCategory_lib.m */,
				2EBA41C7255FB5DF003FDD93 /* NSArray+HLSCategory_lib.h */,
				2EBA41C8255FB5DF003FDD93 /* NSArray+HLSCategory_lib.m */,
				2EBA41CD255FB828003FDD93 /* NSMutableArray+HLSCategory_lib.h */,
				2EBA41CE255FB828003FDD93 /* NSMutableArray+HLSCategory_lib.m */,
				2ECE56C52562741500250F7A /* NSObject+HLSCategory_lib.h */,
				2ECE56C62562741500250F7A /* NSObject+HLSCategory_lib.m */,
				2ECE56CB25637FA200250F7A /* NSString+HLSCategory_lib.h */,
				2ECE56CC25637FA200250F7A /* NSString+HLSCategory_lib.m */,
			);
			path = Category;
			sourceTree = "<group>";
		};
		2EBA41B9255F8968003FDD93 /* Source */ = {
			isa = PBXGroup;
			children = (
				2EBA41BA255F897C003FDD93 /* PrefixHeader.pch */,
			);
			path = Source;
			sourceTree = "<group>";
		};
/* End PBXGroup section */

/* Begin PBXNativeTarget section */
		2EBA4149255F7285003FDD93 /* HLSCarshSolution */ = {
			isa = PBXNativeTarget;
			buildConfigurationList = 2EBA4179255F7286003FDD93 /* Build configuration list for PBXNativeTarget "HLSCarshSolution" */;
			buildPhases = (
				2EBA4146255F7285003FDD93 /* Sources */,
				2EBA4147255F7285003FDD93 /* Frameworks */,
				2EBA4148255F7285003FDD93 /* Resources */,
			);
			buildRules = (
			);
			dependencies = (
			);
			name = HLSCarshSolution;
			productName = HLSCarshSolution;
			productReference = 2EBA414A255F7285003FDD93 /* HLSCarshSolution.app */;
			productType = "com.apple.product-type.application";
		};
		2EBA4164255F7286003FDD93 /* HLSCarshSolutionTests */ = {
			isa = PBXNativeTarget;
			buildConfigurationList = 2EBA417C255F7286003FDD93 /* Build configuration list for PBXNativeTarget "HLSCarshSolutionTests" */;
			buildPhases = (
				2EBA4161255F7286003FDD93 /* Sources */,
				2EBA4162255F7286003FDD93 /* Frameworks */,
				2EBA4163255F7286003FDD93 /* Resources */,
			);
			buildRules = (
			);
			dependencies = (
				2EBA4167255F7286003FDD93 /* PBXTargetDependency */,
			);
			name = HLSCarshSolutionTests;
			productName = HLSCarshSolutionTests;
			productReference = 2EBA4165255F7286003FDD93 /* HLSCarshSolutionTests.xctest */;
			productType = "com.apple.product-type.bundle.unit-test";
		};
		2EBA416F255F7286003FDD93 /* HLSCarshSolutionUITests */ = {
			isa = PBXNativeTarget;
			buildConfigurationList = 2EBA417F255F7286003FDD93 /* Build configuration list for PBXNativeTarget "HLSCarshSolutionUITests" */;
			buildPhases = (
				2EBA416C255F7286003FDD93 /* Sources */,
				2EBA416D255F7286003FDD93 /* Frameworks */,
				2EBA416E255F7286003FDD93 /* Resources */,
			);
			buildRules = (
			);
			dependencies = (
				2EBA4172255F7286003FDD93 /* PBXTargetDependency */,
			);
			name = HLSCarshSolutionUITests;
			productName = HLSCarshSolutionUITests;
			productReference = 2EBA4170255F7286003FDD93 /* HLSCarshSolutionUITests.xctest */;
			productType = "com.apple.product-type.bundle.ui-testing";
		};
/* End PBXNativeTarget section */

/* Begin PBXProject section */
		2EBA4142255F7285003FDD93 /* Project object */ = {
			isa = PBXProject;
			attributes = {
				CLASSPREFIX = HLS;
				LastUpgradeCheck = 1200;
				TargetAttributes = {
					2EBA4149255F7285003FDD93 = {
						CreatedOnToolsVersion = 12.0.1;
					};
					2EBA4164255F7286003FDD93 = {
						CreatedOnToolsVersion = 12.0.1;
						TestTargetID = 2EBA4149255F7285003FDD93;
					};
					2EBA416F255F7286003FDD93 = {
						CreatedOnToolsVersion = 12.0.1;
						TestTargetID = 2EBA4149255F7285003FDD93;
					};
				};
			};
			buildConfigurationList = 2EBA4145255F7285003FDD93 /* Build configuration list for PBXProject "HLSCarshSolution" */;
			compatibilityVersion = "Xcode 9.3";
			developmentRegion = en;
			hasScannedForEncodings = 0;
			knownRegions = (
				en,
				Base,
			);
			mainGroup = 2EBA4141255F7285003FDD93;
			productRefGroup = 2EBA414B255F7285003FDD93 /* Products */;
			projectDirPath = "";
			projectRoot = "";
			targets = (
				2EBA4149255F7285003FDD93 /* HLSCarshSolution */,
				2EBA4164255F7286003FDD93 /* HLSCarshSolutionTests */,
				2EBA416F255F7286003FDD93 /* HLSCarshSolutionUITests */,
			);
		};
/* End PBXProject section */

/* Begin PBXResourcesBuildPhase section */
		2EBA4148255F7285003FDD93 /* Resources */ = {
			isa = PBXResourcesBuildPhase;
			buildActionMask = 2147483647;
			files = (
				2EBA415D255F7286003FDD93 /* LaunchScreen.storyboard in Resources */,
				2EBA415A255F7286003FDD93 /* Assets.xcassets in Resources */,
				2EBA4158255F7285003FDD93 /* Main.storyboard in Resources */,
			);
			runOnlyForDeploymentPostprocessing = 0;
		};
		2EBA4163255F7286003FDD93 /* Resources */ = {
			isa = PBXResourcesBuildPhase;
			buildActionMask = 2147483647;
			files = (
			);
			runOnlyForDeploymentPostprocessing = 0;
		};
		2EBA416E255F7286003FDD93 /* Resources */ = {
			isa = PBXResourcesBuildPhase;
			buildActionMask = 2147483647;
			files = (
			);
			runOnlyForDeploymentPostprocessing = 0;
		};
/* End PBXResourcesBuildPhase section */

/* Begin PBXSourcesBuildPhase section */
		2EBA4146255F7285003FDD93 /* Sources */ = {
			isa = PBXSourcesBuildPhase;
			buildActionMask = 2147483647;
			files = (
				2EBA4155255F7285003FDD93 /* ViewController.m in Sources */,
				2EBA414F255F7285003FDD93 /* AppDelegate.m in Sources */,
				2EBA41C9255FB5DF003FDD93 /* NSArray+HLSCategory_lib.m in Sources */,
				2ECE56CD25637FA200250F7A /* NSString+HLSCategory_lib.m in Sources */,
				2EBA4160255F7286003FDD93 /* main.m in Sources */,
				2EBA4197255F7B8E003FDD93 /* HLSCrashModel.m in Sources */,
				2ECE56C72562741500250F7A /* NSObject+HLSCategory_lib.m in Sources */,
				2EBA4152255F7285003FDD93 /* SceneDelegate.m in Sources */,
				2EBA4191255F7979003FDD93 /* HLSDicKeyNilViewController.m in Sources */,
				2EBA41B2255F8944003FDD93 /* NSDictionary+HLSCategory_lib.m in Sources */,
				2EBA41CF255FB828003FDD93 /* NSMutableArray+HLSCategory_lib.m in Sources */,
			);
			runOnlyForDeploymentPostprocessing = 0;
		};
		2EBA4161255F7286003FDD93 /* Sources */ = {
			isa = PBXSourcesBuildPhase;
			buildActionMask = 2147483647;
			files = (
				2EBA416A255F7286003FDD93 /* HLSCarshSolutionTests.m in Sources */,
			);
			runOnlyForDeploymentPostprocessing = 0;
		};
		2EBA416C255F7286003FDD93 /* Sources */ = {
			isa = PBXSourcesBuildPhase;
			buildActionMask = 2147483647;
			files = (
				2EBA4175255F7286003FDD93 /* HLSCarshSolutionUITests.m in Sources */,
			);
			runOnlyForDeploymentPostprocessing = 0;
		};
/* End PBXSourcesBuildPhase section */

/* Begin PBXTargetDependency section */
		2EBA4167255F7286003FDD93 /* PBXTargetDependency */ = {
			isa = PBXTargetDependency;
			target = 2EBA4149255F7285003FDD93 /* HLSCarshSolution */;
			targetProxy = 2EBA4166255F7286003FDD93 /* PBXContainerItemProxy */;
		};
		2EBA4172255F7286003FDD93 /* PBXTargetDependency */ = {
			isa = PBXTargetDependency;
			target = 2EBA4149255F7285003FDD93 /* HLSCarshSolution */;
			targetProxy = 2EBA4171255F7286003FDD93 /* PBXContainerItemProxy */;
		};
/* End PBXTargetDependency section */

/* Begin PBXVariantGroup section */
		2EBA4156255F7285003FDD93 /* Main.storyboard */ = {
			isa = PBXVariantGroup;
			children = (
				2EBA4157255F7285003FDD93 /* Base */,
			);
			name = Main.storyboard;
			sourceTree = "<group>";
		};
		2EBA415B255F7286003FDD93 /* LaunchScreen.storyboard */ = {
			isa = PBXVariantGroup;
			children = (
				2EBA415C255F7286003FDD93 /* Base */,
			);
			name = LaunchScreen.storyboard;
			sourceTree = "<group>";
		};
/* End PBXVariantGroup section */

/* Begin XCBuildConfiguration section */
		2EBA4177255F7286003FDD93 /* Debug */ = {
			isa = XCBuildConfiguration;
			buildSettings = {
				ALWAYS_SEARCH_USER_PATHS = NO;
				CLANG_ANALYZER_NONNULL = YES;
				CLANG_ANALYZER_NUMBER_OBJECT_CONVERSION = YES_AGGRESSIVE;
				CLANG_CXX_LANGUAGE_STANDARD = "gnu++14";
				CLANG_CXX_LIBRARY = "libc++";
				CLANG_ENABLE_MODULES = YES;
				CLANG_ENABLE_OBJC_ARC = YES;
				CLANG_ENABLE_OBJC_WEAK = YES;
				CLANG_WARN_BLOCK_CAPTURE_AUTORELEASING = YES;
				CLANG_WARN_BOOL_CONVERSION = YES;
				CLANG_WARN_COMMA = YES;
				CLANG_WARN_CONSTANT_CONVERSION = YES;
				CLANG_WARN_DEPRECATED_OBJC_IMPLEMENTATIONS = YES;
				CLANG_WARN_DIRECT_OBJC_ISA_USAGE = YES_ERROR;
				CLANG_WARN_DOCUMENTATION_COMMENTS = YES;
				CLANG_WARN_EMPTY_BODY = YES;
				CLANG_WARN_ENUM_CONVERSION = YES;
				CLANG_WARN_INFINITE_RECURSION = YES;
				CLANG_WARN_INT_CONVERSION = YES;
				CLANG_WARN_NON_LITERAL_NULL_CONVERSION = YES;
				CLANG_WARN_OBJC_IMPLICIT_RETAIN_SELF = YES;
				CLANG_WARN_OBJC_LITERAL_CONVERSION = YES;
				CLANG_WARN_OBJC_ROOT_CLASS = YES_ERROR;
				CLANG_WARN_QUOTED_INCLUDE_IN_FRAMEWORK_HEADER = YES;
				CLANG_WARN_RANGE_LOOP_ANALYSIS = YES;
				CLANG_WARN_STRICT_PROTOTYPES = YES;
				CLANG_WARN_SUSPICIOUS_MOVE = YES;
				CLANG_WARN_UNGUARDED_AVAILABILITY = YES_AGGRESSIVE;
				CLANG_WARN_UNREACHABLE_CODE = YES;
				CLANG_WARN__DUPLICATE_METHOD_MATCH = YES;
				COPY_PHASE_STRIP = NO;
				DEBUG_INFORMATION_FORMAT = dwarf;
				ENABLE_STRICT_OBJC_MSGSEND = YES;
				ENABLE_TESTABILITY = YES;
				GCC_C_LANGUAGE_STANDARD = gnu11;
				GCC_DYNAMIC_NO_PIC = NO;
				GCC_NO_COMMON_BLOCKS = YES;
				GCC_OPTIMIZATION_LEVEL = 0;
				GCC_PREPROCESSOR_DEFINITIONS = (
					"DEBUG=1",
					"$(inherited)",
				);
				GCC_WARN_64_TO_32_BIT_CONVERSION = YES;
				GCC_WARN_ABOUT_RETURN_TYPE = YES_ERROR;
				GCC_WARN_UNDECLARED_SELECTOR = YES;
				GCC_WARN_UNINITIALIZED_AUTOS = YES_AGGRESSIVE;
				GCC_WARN_UNUSED_FUNCTION = YES;
				GCC_WARN_UNUSED_VARIABLE = YES;
				IPHONEOS_DEPLOYMENT_TARGET = 14.0;
				MTL_ENABLE_DEBUG_INFO = INCLUDE_SOURCE;
				MTL_FAST_MATH = YES;
				ONLY_ACTIVE_ARCH = YES;
				SDKROOT = iphoneos;
			};
			name = Debug;
		};
		2EBA4178255F7286003FDD93 /* Release */ = {
			isa = XCBuildConfiguration;
			buildSettings = {
				ALWAYS_SEARCH_USER_PATHS = NO;
				CLANG_ANALYZER_NONNULL = YES;
				CLANG_ANALYZER_NUMBER_OBJECT_CONVERSION = YES_AGGRESSIVE;
				CLANG_CXX_LANGUAGE_STANDARD = "gnu++14";
				CLANG_CXX_LIBRARY = "libc++";
				CLANG_ENABLE_MODULES = YES;
				CLANG_ENABLE_OBJC_ARC = YES;
				CLANG_ENABLE_OBJC_WEAK = YES;
				CLANG_WARN_BLOCK_CAPTURE_AUTORELEASING = YES;
				CLANG_WARN_BOOL_CONVERSION = YES;
				CLANG_WARN_COMMA = YES;
				CLANG_WARN_CONSTANT_CONVERSION = YES;
				CLANG_WARN_DEPRECATED_OBJC_IMPLEMENTATIONS = YES;
				CLANG_WARN_DIRECT_OBJC_ISA_USAGE = YES_ERROR;
				CLANG_WARN_DOCUMENTATION_COMMENTS = YES;
				CLANG_WARN_EMPTY_BODY = YES;
				CLANG_WARN_ENUM_CONVERSION = YES;
				CLANG_WARN_INFINITE_RECURSION = YES;
				CLANG_WARN_INT_CONVERSION = YES;
				CLANG_WARN_NON_LITERAL_NULL_CONVERSION = YES;
				CLANG_WARN_OBJC_IMPLICIT_RETAIN_SELF = YES;
				CLANG_WARN_OBJC_LITERAL_CONVERSION = YES;
				CLANG_WARN_OBJC_ROOT_CLASS = YES_ERROR;
				CLANG_WARN_QUOTED_INCLUDE_IN_FRAMEWORK_HEADER = YES;
				CLANG_WARN_RANGE_LOOP_ANALYSIS = YES;
				CLANG_WARN_STRICT_PROTOTYPES = YES;
				CLANG_WARN_SUSPICIOUS_MOVE = YES;
				CLANG_WARN_UNGUARDED_AVAILABILITY = YES_AGGRESSIVE;
				CLANG_WARN_UNREACHABLE_CODE = YES;
				CLANG_WARN__DUPLICATE_METHOD_MATCH = YES;
				COPY_PHASE_STRIP = NO;
				DEBUG_INFORMATION_FORMAT = "dwarf-with-dsym";
				ENABLE_NS_ASSERTIONS = NO;
				ENABLE_STRICT_OBJC_MSGSEND = YES;
				GCC_C_LANGUAGE_STANDARD = gnu11;
				GCC_NO_COMMON_BLOCKS = YES;
				GCC_WARN_64_TO_32_BIT_CONVERSION = YES;
				GCC_WARN_ABOUT_RETURN_TYPE = YES_ERROR;
				GCC_WARN_UNDECLARED_SELECTOR = YES;
				GCC_WARN_UNINITIALIZED_AUTOS = YES_AGGRESSIVE;
				GCC_WARN_UNUSED_FUNCTION = YES;
				GCC_WARN_UNUSED_VARIABLE = YES;
				IPHONEOS_DEPLOYMENT_TARGET = 14.0;
				MTL_ENABLE_DEBUG_INFO = NO;
				MTL_FAST_MATH = YES;
				SDKROOT = iphoneos;
				VALIDATE_PRODUCT = YES;
			};
			name = Release;
		};
		2EBA417A255F7286003FDD93 /* Debug */ = {
			isa = XCBuildConfiguration;
			buildSettings = {
				ASSETCATALOG_COMPILER_APPICON_NAME = AppIcon;
				ASSETCATALOG_COMPILER_GLOBAL_ACCENT_COLOR_NAME = AccentColor;
				CODE_SIGN_STYLE = Automatic;
				DEVELOPMENT_TEAM = 539H8N2VYM;
				GCC_C_LANGUAGE_STANDARD = gnu11;
				GCC_PREFIX_HEADER = "${SRCROOT}/HLSCarshSolution/Source/PrefixHeader.pch";
				INFOPLIST_FILE = HLSCarshSolution/Info.plist;
				LD_RUNPATH_SEARCH_PATHS = (
					"$(inherited)",
					"@executable_path/Frameworks",
				);
				PRODUCT_BUNDLE_IDENTIFIER = cn.mama.sdk.ad.HLSCarshSolution;
				PRODUCT_NAME = "$(TARGET_NAME)";
				TARGETED_DEVICE_FAMILY = "1,2";
			};
			name = Debug;
		};
		2EBA417B255F7286003FDD93 /* Release */ = {
			isa = XCBuildConfiguration;
			buildSettings = {
				ASSETCATALOG_COMPILER_APPICON_NAME = AppIcon;
				ASSETCATALOG_COMPILER_GLOBAL_ACCENT_COLOR_NAME = AccentColor;
				CODE_SIGN_STYLE = Automatic;
				DEVELOPMENT_TEAM = 539H8N2VYM;
				GCC_C_LANGUAGE_STANDARD = gnu11;
				GCC_PREFIX_HEADER = "${SRCROOT}/HLSCarshSolution/Source/PrefixHeader.pch";
				INFOPLIST_FILE = HLSCarshSolution/Info.plist;
				LD_RUNPATH_SEARCH_PATHS = (
					"$(inherited)",
					"@executable_path/Frameworks",
				);
				PRODUCT_BUNDLE_IDENTIFIER = cn.mama.sdk.ad.HLSCarshSolution;
				PRODUCT_NAME = "$(TARGET_NAME)";
				TARGETED_DEVICE_FAMILY = "1,2";
			};
			name = Release;
		};
		2EBA417D255F7286003FDD93 /* Debug */ = {
			isa = XCBuildConfiguration;
			buildSettings = {
				BUNDLE_LOADER = "$(TEST_HOST)";
				CODE_SIGN_STYLE = Automatic;
				DEVELOPMENT_TEAM = 539H8N2VYM;
				INFOPLIST_FILE = HLSCarshSolutionTests/Info.plist;
				IPHONEOS_DEPLOYMENT_TARGET = 14.0;
				LD_RUNPATH_SEARCH_PATHS = (
					"$(inherited)",
					"@executable_path/Frameworks",
					"@loader_path/Frameworks",
				);
				PRODUCT_BUNDLE_IDENTIFIER = cn.mama.sdk.ad.HLSCarshSolutionTests;
				PRODUCT_NAME = "$(TARGET_NAME)";
				TARGETED_DEVICE_FAMILY = "1,2";
				TEST_HOST = "$(BUILT_PRODUCTS_DIR)/HLSCarshSolution.app/HLSCarshSolution";
			};
			name = Debug;
		};
		2EBA417E255F7286003FDD93 /* Release */ = {
			isa = XCBuildConfiguration;
			buildSettings = {
				BUNDLE_LOADER = "$(TEST_HOST)";
				CODE_SIGN_STYLE = Automatic;
				DEVELOPMENT_TEAM = 539H8N2VYM;
				INFOPLIST_FILE = HLSCarshSolutionTests/Info.plist;
				IPHONEOS_DEPLOYMENT_TARGET = 14.0;
				LD_RUNPATH_SEARCH_PATHS = (
					"$(inherited)",
					"@executable_path/Frameworks",
					"@loader_path/Frameworks",
				);
				PRODUCT_BUNDLE_IDENTIFIER = cn.mama.sdk.ad.HLSCarshSolutionTests;
				PRODUCT_NAME = "$(TARGET_NAME)";
				TARGETED_DEVICE_FAMILY = "1,2";
				TEST_HOST = "$(BUILT_PRODUCTS_DIR)/HLSCarshSolution.app/HLSCarshSolution";
			};
			name = Release;
		};
		2EBA4180255F7286003FDD93 /* Debug */ = {
			isa = XCBuildConfiguration;
			buildSettings = {
				CODE_SIGN_STYLE = Automatic;
				DEVELOPMENT_TEAM = 539H8N2VYM;
				INFOPLIST_FILE = HLSCarshSolutionUITests/Info.plist;
				LD_RUNPATH_SEARCH_PATHS = (
					"$(inherited)",
					"@executable_path/Frameworks",
					"@loader_path/Frameworks",
				);
				PRODUCT_BUNDLE_IDENTIFIER = cn.mama.sdk.ad.HLSCarshSolutionUITests;
				PRODUCT_NAME = "$(TARGET_NAME)";
				TARGETED_DEVICE_FAMILY = "1,2";
				TEST_TARGET_NAME = HLSCarshSolution;
			};
			name = Debug;
		};
		2EBA4181255F7286003FDD93 /* Release */ = {
			isa = XCBuildConfiguration;
			buildSettings = {
				CODE_SIGN_STYLE = Automatic;
				DEVELOPMENT_TEAM = 539H8N2VYM;
				INFOPLIST_FILE = HLSCarshSolutionUITests/Info.plist;
				LD_RUNPATH_SEARCH_PATHS = (
					"$(inherited)",
					"@executable_path/Frameworks",
					"@loader_path/Frameworks",
				);
				PRODUCT_BUNDLE_IDENTIFIER = cn.mama.sdk.ad.HLSCarshSolutionUITests;
				PRODUCT_NAME = "$(TARGET_NAME)";
				TARGETED_DEVICE_FAMILY = "1,2";
				TEST_TARGET_NAME = HLSCarshSolution;
			};
			name = Release;
		};
/* End XCBuildConfiguration section */

/* Begin XCConfigurationList section */
		2EBA4145255F7285003FDD93 /* Build configuration list for PBXProject "HLSCarshSolution" */ = {
			isa = XCConfigurationList;
			buildConfigurations = (
				2EBA4177255F7286003FDD93 /* Debug */,
				2EBA4178255F7286003FDD93 /* Release */,
			);
			defaultConfigurationIsVisible = 0;
			defaultConfigurationName = Release;
		};
		2EBA4179255F7286003FDD93 /* Build configuration list for PBXNativeTarget "HLSCarshSolution" */ = {
			isa = XCConfigurationList;
			buildConfigurations = (
				2EBA417A255F7286003FDD93 /* Debug */,
				2EBA417B255F7286003FDD93 /* Release */,
			);
			defaultConfigurationIsVisible = 0;
			defaultConfigurationName = Release;
		};
		2EBA417C255F7286003FDD93 /* Build configuration list for PBXNativeTarget "HLSCarshSolutionTests" */ = {
			isa = XCConfigurationList;
			buildConfigurations = (
				2EBA417D255F7286003FDD93 /* Debug */,
				2EBA417E255F7286003FDD93 /* Release */,
			);
			defaultConfigurationIsVisible = 0;
			defaultConfigurationName = Release;
		};
		2EBA417F255F7286003FDD93 /* Build configuration list for PBXNativeTarget "HLSCarshSolutionUITests" */ = {
			isa = XCConfigurationList;
			buildConfigurations = (
				2EBA4180255F7286003FDD93 /* Debug */,
				2EBA4181255F7286003FDD93 /* Release */,
			);
			defaultConfigurationIsVisible = 0;
			defaultConfigurationName = Release;
		};
/* End XCConfigurationList section */
	};
	rootObject = 2EBA4142255F7285003FDD93 /* Project object */;
}
